
Microsoft Visual Studio Solution File, Format Version 12.00
# Visual Studio Version 16
VisualStudioVersion = 16.0.30611.23
MinimumVisualStudioVersion = 10.0.40219.1
Project("{FAE04EC0-301F-11D3-BF4B-00C04F79EFBC}") = "Final Proyecto 1", "Final Proyecto 1.csproj", "{FDBB8D5C-1A23-4C4C-B3D9-CCBDE86066A2}"
EndProject
Global
	GlobalSection(SolutionConfigurationPlatforms) = preSolution
		Debug|Any CPU = Debug|Any CPU
		Release|Any CPU = Release|Any CPU
	EndGlobalSection
	GlobalSection(ProjectConfigurationPlatforms) = postSolution
		{FDBB8D5C-1A23-4C4C-B3D9-CCBDE86066A2}.Debug|Any CPU.ActiveCfg = Debug|Any CPU
		{FDBB8D5C-1A23-4C4C-B3D9-CCBDE86066A2}.Debug|Any CPU.Build.0 = Debug|Any CPU
		{FDBB8D5C-1A23-4C4C-B3D9-CCBDE86066A2}.Release|Any CPU.ActiveCfg = Release|Any CPU
		{FDBB8D5C-1A23-4C4C-B3D9-CCBDE86066A2}.Release|Any CPU.Build.0 = Release|Any CPU
	EndGlobalSection
	GlobalSection(SolutionProperties) = preSolution
		HideSolutionNode = FALSE
	EndGlobalSection
	GlobalSection(ExtensibilityGlobals) = postSolution
		SolutionGuid = {20329E92-78E2-457E-8D87-B387D9A9BE94}
	EndGlobalSection
EndGlobal
